
Microsoft Visual Studio Solution File, Format Version 12.00
# Visual Studio Version 17
VisualStudioVersion = 17.6.33801.468
MinimumVisualStudioVersion = 10.0.40219.1
Project("{9A19103F-16F7-4668-BE54-9A1E7A4F7556}") = "AppCore", "AppCore\AppCore.csproj", "{9A3A2F48-0B5D-4F94-8CFE-5A090FE01247}"
EndProject
Project("{9A19103F-16F7-4668-BE54-9A1E7A4F7556}") = "AppRepository", "AppRepository\AppRepository.csproj", "{81CB2574-B528-4851-9BD8-2986C27F34A2}"
EndProject
Project("{9A19103F-16F7-4668-BE54-9A1E7A4F7556}") = "AppService", "AppService\AppService.csproj", "{5FB9E455-D36A-48B8-BB80-433C67834096}"
EndProject
Project("{9A19103F-16F7-4668-BE54-9A1E7A4F7556}") = "Models", "Models\Models.csproj", "{46BE444A-3711-45CC-B382-842C6B3D9475}"
EndProject
Project("{9A19103F-16F7-4668-BE54-9A1E7A4F7556}") = "TrainingCourseSubsystem", "TrainingCourseSubsystem\TrainingCourseSubsystem.csproj", "{3F2EE029-B7F6-4CA2-80D3-09D5DFED038D}"
EndProject
Project("{9A19103F-16F7-4668-BE54-9A1E7A4F7556}") = "AuthSubsystem", "AuthSubsystem\AuthSubsystem.csproj", "{B77B7F10-9107-49A3-9EC4-DEBF9DD39F18}"
EndProject
Project("{9A19103F-16F7-4668-BE54-9A1E7A4F7556}") = "AdviceConsultingSubsystem", "AdviceConsultingSubsystem\AdviceConsultingSubsystem.csproj", "{BB0AC216-EFBD-49A3-A482-315DF9BF984D}"
EndProject
Project("{9A19103F-16F7-4668-BE54-9A1E7A4F7556}") = "WorkshopSubsystem", "WorkshopSubsystem\WorkshopSubsystem.csproj", "{41D44589-109C-490C-8855-5753423FF16D}"
EndProject
Project("{9A19103F-16F7-4668-BE54-9A1E7A4F7556}") = "AdministrativeSubsystem", "AdministrativeSubsystem\AdministrativeSubsystem.csproj", "{513211A3-E457-49BA-B03D-365CE837E2BB}"
EndProject
Project("{9A19103F-16F7-4668-BE54-9A1E7A4F7556}") = "BirdTrainingCenterAPI", "BirdTrainingCenterAPI\BirdTrainingCenterAPI.csproj", "{D2E113F0-F2E4-493E-BDB9-E07389942AAF}"
EndProject
Project("{9A19103F-16F7-4668-BE54-9A1E7A4F7556}") = "SP_AutoMapperConfig", "SP_AutoMapperConfig\SP_AutoMapperConfig.csproj", "{9B3FE45B-ADF7-4981-AA8A-0832DAC15826}"
EndProject
Project("{9A19103F-16F7-4668-BE54-9A1E7A4F7556}") = "SP_Validator", "SP_Validator\SP_Validator.csproj", "{268CA52A-41F2-462A-81F9-90F0457DBB46}"
EndProject
Project("{9A19103F-16F7-4668-BE54-9A1E7A4F7556}") = "Test_AutoMapperConfig", "Test_AutoMapperConfig\Test_AutoMapperConfig.csproj", "{4B7C40D8-72C4-4233-83C3-4B6DEC9B6DCC}"
EndProject
Project("{9A19103F-16F7-4668-BE54-9A1E7A4F7556}") = "SP_Middleware", "SP_Middleware\SP_Middleware.csproj", "{6F556E5F-FC8D-4C87-A408-1F719D93FE01}"
EndProject
Project("{9A19103F-16F7-4668-BE54-9A1E7A4F7556}") = "TrainingSkillSubsystem", "TrainingSkillSubsystem\TrainingSkillSubsystem.csproj", "{9C38B378-E075-4148-8C25-803CC05AD330}"
EndProject
Project("{9A19103F-16F7-4668-BE54-9A1E7A4F7556}") = "SP_Extension", "SP_Extension\SP_Extension.csproj", "{CE0BF70C-2520-4014-8FFE-9013574ED940}"
EndProject
Project("{9A19103F-16F7-4668-BE54-9A1E7A4F7556}") = "TimetableSubsystem", "TimetableSubsystem\TimetableSubsystem.csproj", "{3A621DF9-B6A7-4FCA-A458-E31301F63A26}"
EndProject
Project("{9A19103F-16F7-4668-BE54-9A1E7A4F7556}") = "EntityQuerySubsystem", "EntityQuerySubsystem\EntityQuerySubsystem.csproj", "{BEBBBE5B-F1C2-4167-85F8-777BD41533D0}"
EndProject
Project("{9A19103F-16F7-4668-BE54-9A1E7A4F7556}") = "OnlineCourseSubsystem", "OnlineCourseSubsystem\OnlineCourseSubsystem.csproj", "{A6ECF467-AB02-4E22-988B-EB819232821F}"
EndProject
Project("{9A19103F-16F7-4668-BE54-9A1E7A4F7556}") = "TransactionSubsystem", "TransactionSubsystem\TransactionSubsystem.csproj", "{83BE3D7E-C59D-4465-8B76-78D49DA7CEDF}"
EndProject
Project("{9A19103F-16F7-4668-BE54-9A1E7A4F7556}") = "SP_PdfCertificateGenerator", "SP_PdfCertificateGenerator\SP_PdfCertificateGenerator.csproj", "{F2FEBC9D-537B-4C2E-AE5F-1CC817626808}"
EndProject
Project("{9A19103F-16F7-4668-BE54-9A1E7A4F7556}") = "DashboardSubsystem", "DashboardSubsystem\DashboardSubsystem.csproj", "{4C99E394-005D-4CBC-9B86-14E64E557CF6}"
EndProject
Project("{FAE04EC0-301F-11D3-BF4B-00C04F79EFBC}") = "MembershipSubSystem", "MembershipSubSystem\MembershipSubSystem.csproj", "{5EAC887E-B386-401B-8987-8D501E7E98F8}"
EndProject
Global
	GlobalSection(SolutionConfigurationPlatforms) = preSolution
		Debug|Any CPU = Debug|Any CPU
		Release|Any CPU = Release|Any CPU
	EndGlobalSection
	GlobalSection(ProjectConfigurationPlatforms) = postSolution
		{9A3A2F48-0B5D-4F94-8CFE-5A090FE01247}.Debug|Any CPU.ActiveCfg = Debug|Any CPU
		{9A3A2F48-0B5D-4F94-8CFE-5A090FE01247}.Debug|Any CPU.Build.0 = Debug|Any CPU
		{9A3A2F48-0B5D-4F94-8CFE-5A090FE01247}.Release|Any CPU.ActiveCfg = Release|Any CPU
		{9A3A2F48-0B5D-4F94-8CFE-5A090FE01247}.Release|Any CPU.Build.0 = Release|Any CPU
		{81CB2574-B528-4851-9BD8-2986C27F34A2}.Debug|Any CPU.ActiveCfg = Debug|Any CPU
		{81CB2574-B528-4851-9BD8-2986C27F34A2}.Debug|Any CPU.Build.0 = Debug|Any CPU
		{81CB2574-B528-4851-9BD8-2986C27F34A2}.Release|Any CPU.ActiveCfg = Release|Any CPU
		{81CB2574-B528-4851-9BD8-2986C27F34A2}.Release|Any CPU.Build.0 = Release|Any CPU
		{5FB9E455-D36A-48B8-BB80-433C67834096}.Debug|Any CPU.ActiveCfg = Debug|Any CPU
		{5FB9E455-D36A-48B8-BB80-433C67834096}.Debug|Any CPU.Build.0 = Debug|Any CPU
		{5FB9E455-D36A-48B8-BB80-433C67834096}.Release|Any CPU.ActiveCfg = Release|Any CPU
		{5FB9E455-D36A-48B8-BB80-433C67834096}.Release|Any CPU.Build.0 = Release|Any CPU
		{46BE444A-3711-45CC-B382-842C6B3D9475}.Debug|Any CPU.ActiveCfg = Debug|Any CPU
		{46BE444A-3711-45CC-B382-842C6B3D9475}.Debug|Any CPU.Build.0 = Debug|Any CPU
		{46BE444A-3711-45CC-B382-842C6B3D9475}.Release|Any CPU.ActiveCfg = Release|Any CPU
		{46BE444A-3711-45CC-B382-842C6B3D9475}.Release|Any CPU.Build.0 = Release|Any CPU
		{3F2EE029-B7F6-4CA2-80D3-09D5DFED038D}.Debug|Any CPU.ActiveCfg = Debug|Any CPU
		{3F2EE029-B7F6-4CA2-80D3-09D5DFED038D}.Debug|Any CPU.Build.0 = Debug|Any CPU
		{3F2EE029-B7F6-4CA2-80D3-09D5DFED038D}.Release|Any CPU.ActiveCfg = Release|Any CPU
		{3F2EE029-B7F6-4CA2-80D3-09D5DFED038D}.Release|Any CPU.Build.0 = Release|Any CPU
		{B77B7F10-9107-49A3-9EC4-DEBF9DD39F18}.Debug|Any CPU.ActiveCfg = Debug|Any CPU
		{B77B7F10-9107-49A3-9EC4-DEBF9DD39F18}.Debug|Any CPU.Build.0 = Debug|Any CPU
		{B77B7F10-9107-49A3-9EC4-DEBF9DD39F18}.Release|Any CPU.ActiveCfg = Release|Any CPU
		{B77B7F10-9107-49A3-9EC4-DEBF9DD39F18}.Release|Any CPU.Build.0 = Release|Any CPU
		{BB0AC216-EFBD-49A3-A482-315DF9BF984D}.Debug|Any CPU.ActiveCfg = Debug|Any CPU
		{BB0AC216-EFBD-49A3-A482-315DF9BF984D}.Debug|Any CPU.Build.0 = Debug|Any CPU
		{BB0AC216-EFBD-49A3-A482-315DF9BF984D}.Release|Any CPU.ActiveCfg = Release|Any CPU
		{BB0AC216-EFBD-49A3-A482-315DF9BF984D}.Release|Any CPU.Build.0 = Release|Any CPU
		{41D44589-109C-490C-8855-5753423FF16D}.Debug|Any CPU.ActiveCfg = Debug|Any CPU
		{41D44589-109C-490C-8855-5753423FF16D}.Debug|Any CPU.Build.0 = Debug|Any CPU
		{41D44589-109C-490C-8855-5753423FF16D}.Release|Any CPU.ActiveCfg = Release|Any CPU
		{41D44589-109C-490C-8855-5753423FF16D}.Release|Any CPU.Build.0 = Release|Any CPU
		{513211A3-E457-49BA-B03D-365CE837E2BB}.Debug|Any CPU.ActiveCfg = Debug|Any CPU
		{513211A3-E457-49BA-B03D-365CE837E2BB}.Debug|Any CPU.Build.0 = Debug|Any CPU
		{513211A3-E457-49BA-B03D-365CE837E2BB}.Release|Any CPU.ActiveCfg = Release|Any CPU
		{513211A3-E457-49BA-B03D-365CE837E2BB}.Release|Any CPU.Build.0 = Release|Any CPU
		{D2E113F0-F2E4-493E-BDB9-E07389942AAF}.Debug|Any CPU.ActiveCfg = Debug|Any CPU
		{D2E113F0-F2E4-493E-BDB9-E07389942AAF}.Debug|Any CPU.Build.0 = Debug|Any CPU
		{D2E113F0-F2E4-493E-BDB9-E07389942AAF}.Release|Any CPU.ActiveCfg = Release|Any CPU
		{D2E113F0-F2E4-493E-BDB9-E07389942AAF}.Release|Any CPU.Build.0 = Release|Any CPU
		{9B3FE45B-ADF7-4981-AA8A-0832DAC15826}.Debug|Any CPU.ActiveCfg = Debug|Any CPU
		{9B3FE45B-ADF7-4981-AA8A-0832DAC15826}.Debug|Any CPU.Build.0 = Debug|Any CPU
		{9B3FE45B-ADF7-4981-AA8A-0832DAC15826}.Release|Any CPU.ActiveCfg = Release|Any CPU
		{9B3FE45B-ADF7-4981-AA8A-0832DAC15826}.Release|Any CPU.Build.0 = Release|Any CPU
		{268CA52A-41F2-462A-81F9-90F0457DBB46}.Debug|Any CPU.ActiveCfg = Debug|Any CPU
		{268CA52A-41F2-462A-81F9-90F0457DBB46}.Debug|Any CPU.Build.0 = Debug|Any CPU
		{268CA52A-41F2-462A-81F9-90F0457DBB46}.Release|Any CPU.ActiveCfg = Release|Any CPU
		{268CA52A-41F2-462A-81F9-90F0457DBB46}.Release|Any CPU.Build.0 = Release|Any CPU
		{4B7C40D8-72C4-4233-83C3-4B6DEC9B6DCC}.Debug|Any CPU.ActiveCfg = Debug|Any CPU
		{4B7C40D8-72C4-4233-83C3-4B6DEC9B6DCC}.Debug|Any CPU.Build.0 = Debug|Any CPU
		{4B7C40D8-72C4-4233-83C3-4B6DEC9B6DCC}.Release|Any CPU.ActiveCfg = Release|Any CPU
		{4B7C40D8-72C4-4233-83C3-4B6DEC9B6DCC}.Release|Any CPU.Build.0 = Release|Any CPU
		{6F556E5F-FC8D-4C87-A408-1F719D93FE01}.Debug|Any CPU.ActiveCfg = Debug|Any CPU
		{6F556E5F-FC8D-4C87-A408-1F719D93FE01}.Debug|Any CPU.Build.0 = Debug|Any CPU
		{6F556E5F-FC8D-4C87-A408-1F719D93FE01}.Release|Any CPU.ActiveCfg = Release|Any CPU
		{6F556E5F-FC8D-4C87-A408-1F719D93FE01}.Release|Any CPU.Build.0 = Release|Any CPU
		{9C38B378-E075-4148-8C25-803CC05AD330}.Debug|Any CPU.ActiveCfg = Debug|Any CPU
		{9C38B378-E075-4148-8C25-803CC05AD330}.Debug|Any CPU.Build.0 = Debug|Any CPU
		{9C38B378-E075-4148-8C25-803CC05AD330}.Release|Any CPU.ActiveCfg = Release|Any CPU
		{9C38B378-E075-4148-8C25-803CC05AD330}.Release|Any CPU.Build.0 = Release|Any CPU
		{CE0BF70C-2520-4014-8FFE-9013574ED940}.Debug|Any CPU.ActiveCfg = Debug|Any CPU
		{CE0BF70C-2520-4014-8FFE-9013574ED940}.Debug|Any CPU.Build.0 = Debug|Any CPU
		{CE0BF70C-2520-4014-8FFE-9013574ED940}.Release|Any CPU.ActiveCfg = Release|Any CPU
		{CE0BF70C-2520-4014-8FFE-9013574ED940}.Release|Any CPU.Build.0 = Release|Any CPU
		{3A621DF9-B6A7-4FCA-A458-E31301F63A26}.Debug|Any CPU.ActiveCfg = Debug|Any CPU
		{3A621DF9-B6A7-4FCA-A458-E31301F63A26}.Debug|Any CPU.Build.0 = Debug|Any CPU
		{3A621DF9-B6A7-4FCA-A458-E31301F63A26}.Release|Any CPU.ActiveCfg = Release|Any CPU
		{3A621DF9-B6A7-4FCA-A458-E31301F63A26}.Release|Any CPU.Build.0 = Release|Any CPU
		{BEBBBE5B-F1C2-4167-85F8-777BD41533D0}.Debug|Any CPU.ActiveCfg = Debug|Any CPU
		{BEBBBE5B-F1C2-4167-85F8-777BD41533D0}.Debug|Any CPU.Build.0 = Debug|Any CPU
		{BEBBBE5B-F1C2-4167-85F8-777BD41533D0}.Release|Any CPU.ActiveCfg = Release|Any CPU
		{BEBBBE5B-F1C2-4167-85F8-777BD41533D0}.Release|Any CPU.Build.0 = Release|Any CPU
		{A6ECF467-AB02-4E22-988B-EB819232821F}.Debug|Any CPU.ActiveCfg = Debug|Any CPU
		{A6ECF467-AB02-4E22-988B-EB819232821F}.Debug|Any CPU.Build.0 = Debug|Any CPU
		{A6ECF467-AB02-4E22-988B-EB819232821F}.Release|Any CPU.ActiveCfg = Release|Any CPU
		{A6ECF467-AB02-4E22-988B-EB819232821F}.Release|Any CPU.Build.0 = Release|Any CPU
		{83BE3D7E-C59D-4465-8B76-78D49DA7CEDF}.Debug|Any CPU.ActiveCfg = Debug|Any CPU
		{83BE3D7E-C59D-4465-8B76-78D49DA7CEDF}.Debug|Any CPU.Build.0 = Debug|Any CPU
		{83BE3D7E-C59D-4465-8B76-78D49DA7CEDF}.Release|Any CPU.ActiveCfg = Release|Any CPU
		{83BE3D7E-C59D-4465-8B76-78D49DA7CEDF}.Release|Any CPU.Build.0 = Release|Any CPU
		{F2FEBC9D-537B-4C2E-AE5F-1CC817626808}.Debug|Any CPU.ActiveCfg = Debug|Any CPU
		{F2FEBC9D-537B-4C2E-AE5F-1CC817626808}.Debug|Any CPU.Build.0 = Debug|Any CPU
		{F2FEBC9D-537B-4C2E-AE5F-1CC817626808}.Release|Any CPU.ActiveCfg = Release|Any CPU
		{F2FEBC9D-537B-4C2E-AE5F-1CC817626808}.Release|Any CPU.Build.0 = Release|Any CPU
		{4C99E394-005D-4CBC-9B86-14E64E557CF6}.Debug|Any CPU.ActiveCfg = Debug|Any CPU
		{4C99E394-005D-4CBC-9B86-14E64E557CF6}.Debug|Any CPU.Build.0 = Debug|Any CPU
		{4C99E394-005D-4CBC-9B86-14E64E557CF6}.Release|Any CPU.ActiveCfg = Release|Any CPU
		{4C99E394-005D-4CBC-9B86-14E64E557CF6}.Release|Any CPU.Build.0 = Release|Any CPU
		{5EAC887E-B386-401B-8987-8D501E7E98F8}.Debug|Any CPU.ActiveCfg = Debug|Any CPU
		{5EAC887E-B386-401B-8987-8D501E7E98F8}.Debug|Any CPU.Build.0 = Debug|Any CPU
		{5EAC887E-B386-401B-8987-8D501E7E98F8}.Release|Any CPU.ActiveCfg = Release|Any CPU
		{5EAC887E-B386-401B-8987-8D501E7E98F8}.Release|Any CPU.Build.0 = Release|Any CPU
	EndGlobalSection
	GlobalSection(SolutionProperties) = preSolution
		HideSolutionNode = FALSE
	EndGlobalSection
	GlobalSection(ExtensibilityGlobals) = postSolution
		SolutionGuid = {9E0ADC87-6B8B-4C64-B210-6FC9199C1045}
	EndGlobalSection
EndGlobal
